
Microsoft Visual Studio Solution File, Format Version 12.00
# Visual Studio 15
VisualStudioVersion = 15.0.26124.0
MinimumVisualStudioVersion = 15.0.26124.0
Project("{FAE04EC0-301F-11D3-BF4B-00C04F79EFBC}") = "Dawg", "src\Core\Dawg.csproj", "{F531F635-642E-4741-8AC2-B15A1BC2C268}"
EndProject
Project("{2150E333-8FDC-42A3-9474-1A3956D46DE8}") = "src", "src", "{CAADC18D-D88C-4305-A586-B6E4A1856947}"
EndProject
Project("{FAE04EC0-301F-11D3-BF4B-00C04F79EFBC}") = "OpenCorpora", "src\OpenCorpora\OpenCorpora.csproj", "{ED7A6835-528D-4940-B40F-BC34A1E693E8}"
EndProject
Global
	GlobalSection(SolutionConfigurationPlatforms) = preSolution
		Debug|Any CPU = Debug|Any CPU
		Debug|x64 = Debug|x64
		Debug|x86 = Debug|x86
		Release|Any CPU = Release|Any CPU
		Release|x64 = Release|x64
		Release|x86 = Release|x86
	EndGlobalSection
	GlobalSection(SolutionProperties) = preSolution
		HideSolutionNode = FALSE
	EndGlobalSection
	GlobalSection(ProjectConfigurationPlatforms) = postSolution
		{F531F635-642E-4741-8AC2-B15A1BC2C268}.Debug|Any CPU.ActiveCfg = Debug|Any CPU
		{F531F635-642E-4741-8AC2-B15A1BC2C268}.Debug|Any CPU.Build.0 = Debug|Any CPU
		{F531F635-642E-4741-8AC2-B15A1BC2C268}.Debug|x64.ActiveCfg = Debug|Any CPU
		{F531F635-642E-4741-8AC2-B15A1BC2C268}.Debug|x64.Build.0 = Debug|Any CPU
		{F531F635-642E-4741-8AC2-B15A1BC2C268}.Debug|x86.ActiveCfg = Debug|Any CPU
		{F531F635-642E-4741-8AC2-B15A1BC2C268}.Debug|x86.Build.0 = Debug|Any CPU
		{F531F635-642E-4741-8AC2-B15A1BC2C268}.Release|Any CPU.ActiveCfg = Release|Any CPU
		{F531F635-642E-4741-8AC2-B15A1BC2C268}.Release|Any CPU.Build.0 = Release|Any CPU
		{F531F635-642E-4741-8AC2-B15A1BC2C268}.Release|x64.ActiveCfg = Release|Any CPU
		{F531F635-642E-4741-8AC2-B15A1BC2C268}.Release|x64.Build.0 = Release|Any CPU
		{F531F635-642E-4741-8AC2-B15A1BC2C268}.Release|x86.ActiveCfg = Release|Any CPU
		{F531F635-642E-4741-8AC2-B15A1BC2C268}.Release|x86.Build.0 = Release|Any CPU
		{ED7A6835-528D-4940-B40F-BC34A1E693E8}.Debug|Any CPU.ActiveCfg = Debug|Any CPU
		{ED7A6835-528D-4940-B40F-BC34A1E693E8}.Debug|Any CPU.Build.0 = Debug|Any CPU
		{ED7A6835-528D-4940-B40F-BC34A1E693E8}.Debug|x64.ActiveCfg = Debug|Any CPU
		{ED7A6835-528D-4940-B40F-BC34A1E693E8}.Debug|x64.Build.0 = Debug|Any CPU
		{ED7A6835-528D-4940-B40F-BC34A1E693E8}.Debug|x86.ActiveCfg = Debug|Any CPU
		{ED7A6835-528D-4940-B40F-BC34A1E693E8}.Debug|x86.Build.0 = Debug|Any CPU
		{ED7A6835-528D-4940-B40F-BC34A1E693E8}.Release|Any CPU.ActiveCfg = Release|Any CPU
		{ED7A6835-528D-4940-B40F-BC34A1E693E8}.Release|Any CPU.Build.0 = Release|Any CPU
		{ED7A6835-528D-4940-B40F-BC34A1E693E8}.Release|x64.ActiveCfg = Release|Any CPU
		{ED7A6835-528D-4940-B40F-BC34A1E693E8}.Release|x64.Build.0 = Release|Any CPU
		{ED7A6835-528D-4940-B40F-BC34A1E693E8}.Release|x86.ActiveCfg = Release|Any CPU
		{ED7A6835-528D-4940-B40F-BC34A1E693E8}.Release|x86.Build.0 = Release|Any CPU
	EndGlobalSection
	GlobalSection(NestedProjects) = preSolution
		{F531F635-642E-4741-8AC2-B15A1BC2C268} = {CAADC18D-D88C-4305-A586-B6E4A1856947}
		{ED7A6835-528D-4940-B40F-BC34A1E693E8} = {CAADC18D-D88C-4305-A586-B6E4A1856947}
	EndGlobalSection
EndGlobal
